PODS:
  - Nimble (6.1.0)
  - PromiseKit (4.1.7):
    - PromiseKit/Foundation (= 4.1.7)
    - PromiseKit/QuartzCore (= 4.1.7)
    - PromiseKit/UIKit (= 4.1.7)
  - PromiseKit/CorePromise (4.1.7)
  - PromiseKit/Foundation (4.1.7):
    - PromiseKit/CorePromise
  - PromiseKit/QuartzCore (4.1.7):
    - PromiseKit/CorePromise
  - PromiseKit/UIKit (4.1.7):
    - PromiseKit/CorePromise
  - Quick (1.1.0)
  - RxBlocking (3.3.1):
    - RxSwift (~> 3.3)
  - RxCocoa (3.3.1):
    - RxSwift (~> 3.3)
  - RxSwift (3.3.1)
  - RxTest (3.3.1):
    - RxSwift (~> 3.3)
  - SwiftyJSON (3.1.4)

DEPENDENCIES:
  - Nimble
  - PromiseKit
  - Quick
  - RxBlocking
  - RxCocoa
  - RxSwift
  - RxTest
  - SwiftyJSON

SPEC CHECKSUMS:
  Nimble: c53e6903fee94041b90ded74f135820437d8bf59
  PromiseKit: 779f2e41faf62d854e7593026ddbcb0bb5c5002d
  Quick: dafc587e21eed9f4cab3249b9f9015b0b7a7f71d
  RxBlocking: c5918ecb86b8c205a8ccc6d1ff2abb338ddc50a0
  RxCocoa: 7dcb7a1860fc9cd0e23dae67ab105fc2916670b6
  RxSwift: 8fc9f2de6275a9101d518444e00bf32f1a42caac
  RxTest: f4e7360033fafa743f2f85097efa958402ed442a
  SwiftyJSON: c2842d878f95482ffceec5709abc3d05680c0220

PODFILE CHECKSUM: 8e4199787eb92521ee8033ee8ebfc6730ada64ab

COCOAPODS: 1.2.0
