PODS:
  - Nimble (6.1.0)
  - Quick (1.1.0)
  - RxBlocking (3.3.1):
    - RxSwift (~> 3.3)
  - RxCocoa (3.3.1):
    - RxSwift (~> 3.3)
  - RxSwift (3.3.1)
  - RxTest (3.3.1):
    - RxSwift (~> 3.3)
  - SwiftyJSON (3.1.4)

DEPENDENCIES:
  - Nimble
  - Quick
  - RxBlocking
  - RxCocoa
  - RxSwift
  - RxTest
  - SwiftyJSON

SPEC CHECKSUMS:
  Nimble: c53e6903fee94041b90ded74f135820437d8bf59
  Quick: dafc587e21eed9f4cab3249b9f9015b0b7a7f71d
  RxBlocking: c5918ecb86b8c205a8ccc6d1ff2abb338ddc50a0
  RxCocoa: 7dcb7a1860fc9cd0e23dae67ab105fc2916670b6
  RxSwift: 8fc9f2de6275a9101d518444e00bf32f1a42caac
  RxTest: f4e7360033fafa743f2f85097efa958402ed442a
  SwiftyJSON: c2842d878f95482ffceec5709abc3d05680c0220

PODFILE CHECKSUM: 8fb9948889f7945665a3e0d1b0a7626dd9741d05

COCOAPODS: 1.2.0
